
Microsoft Visual Studio Solution File, Format Version 12.00
# Visual Studio Version 16
VisualStudioVersion = 16.0.32901.82
MinimumVisualStudioVersion = 10.0.40219.1
Project("{FAE04EC0-301F-11D3-BF4B-00C04F79EFBC}") = "Simipja Api", "Simipja Api\Simipja Api.csproj", "{0040EA01-BAAB-4FD4-AE49-FB1D156C9ADD}"
EndProject
Global
	GlobalSection(SolutionConfigurationPlatforms) = preSolution
		Debug|Any CPU = Debug|Any CPU
		Release|Any CPU = Release|Any CPU
	EndGlobalSection
	GlobalSection(ProjectConfigurationPlatforms) = postSolution
		{0040EA01-BAAB-4FD4-AE49-FB1D156C9ADD}.Debug|Any CPU.ActiveCfg = Debug|Any CPU
		{0040EA01-BAAB-4FD4-AE49-FB1D156C9ADD}.Debug|Any CPU.Build.0 = Debug|Any CPU
		{0040EA01-BAAB-4FD4-AE49-FB1D156C9ADD}.Release|Any CPU.ActiveCfg = Release|Any CPU
		{0040EA01-BAAB-4FD4-AE49-FB1D156C9ADD}.Release|Any CPU.Build.0 = Release|Any CPU
	EndGlobalSection
	GlobalSection(SolutionProperties) = preSolution
		HideSolutionNode = FALSE
	EndGlobalSection
	GlobalSection(ExtensibilityGlobals) = postSolution
		SolutionGuid = {97C3A761-4A40-453C-9FEA-2D8675CC1D87}
	EndGlobalSection
EndGlobal
